// !$*UTF8*$!
{
	archiveVersion = 1;
	classes = {
	};
	objectVersion = 50;
	objects = {

/* Begin PBXBuildFile section */
		D7A2D1A008752A531483F4C0 /* Pods_visionMockup.framework in Frameworks */ = {isa = PBXBuildFile; fileRef = DA81041F779CDC201E3CC853 /* Pods_visionMockup.framework */; };
		FB74A834222DD1840006A067 /* UIUtilities.swift in Sources */ = {isa = PBXBuildFile; fileRef = FB74A833222DD1840006A067 /* UIUtilities.swift */; };
		FB74A836222DD1F90006A067 /* MLKitExtensions.swift in Sources */ = {isa = PBXBuildFile; fileRef = FB74A835222DD1F90006A067 /* MLKitExtensions.swift */; };
		FB74A83A222EA4480006A067 /* LiveFeedViewController.swift in Sources */ = {isa = PBXBuildFile; fileRef = FB74A839222EA4480006A067 /* LiveFeedViewController.swift */; };
		FB74A840222EE4670006A067 /* SppechUtility.swift in Sources */ = {isa = PBXBuildFile; fileRef = FB74A83F222EE4670006A067 /* SppechUtility.swift */; };
		FB74A842222EE47B0006A067 /* TextViewController.swift in Sources */ = {isa = PBXBuildFile; fileRef = FB74A841222EE47B0006A067 /* TextViewController.swift */; };
		FB74A846222EFC890006A067 /* MapViewController.swift in Sources */ = {isa = PBXBuildFile; fileRef = FB74A845222EFC890006A067 /* MapViewController.swift */; };
		FB7D1484222C7CD1000E3672 /* AppDelegate.swift in Sources */ = {isa = PBXBuildFile; fileRef = FB7D1483222C7CD1000E3672 /* AppDelegate.swift */; };
		FB7D1486222C7CD1000E3672 /* ViewController.swift in Sources */ = {isa = PBXBuildFile; fileRef = FB7D1485222C7CD1000E3672 /* ViewController.swift */; };
		FB7D1489222C7CD1000E3672 /* Main.storyboard in Resources */ = {isa = PBXBuildFile; fileRef = FB7D1487222C7CD1000E3672 /* Main.storyboard */; };
		FB7D148B222C7CD2000E3672 /* Assets.xcassets in Resources */ = {isa = PBXBuildFile; fileRef = FB7D148A222C7CD2000E3672 /* Assets.xcassets */; };
		FB7D148E222C7CD2000E3672 /* LaunchScreen.storyboard in Resources */ = {isa = PBXBuildFile; fileRef = FB7D148C222C7CD2000E3672 /* LaunchScreen.storyboard */; };
		FB7D1496222C7D1C000E3672 /* GoogleService-Info.plist in Resources */ = {isa = PBXBuildFile; fileRef = FB7D1495222C7D1C000E3672 /* GoogleService-Info.plist */; };
/* End PBXBuildFile section */

/* Begin PBXFileReference section */
		0C95FC1547ED22F11EEE0401 /* Pods-visionMockup.release.xcconfig */ = {isa = PBXFileReference; includeInIndex = 1; lastKnownFileType = text.xcconfig; name = "Pods-visionMockup.release.xcconfig"; path = "Pods/Target Support Files/Pods-visionMockup/Pods-visionMockup.release.xcconfig"; sourceTree = "<group>"; };
		DA388A64EC459D813BD57A32 /* Pods-visionMockup.debug.xcconfig */ = {isa = PBXFileReference; includeInIndex = 1; lastKnownFileType = text.xcconfig; name = "Pods-visionMockup.debug.xcconfig"; path = "Pods/Target Support Files/Pods-visionMockup/Pods-visionMockup.debug.xcconfig"; sourceTree = "<group>"; };
		DA81041F779CDC201E3CC853 /* Pods_visionMockup.framework */ = {isa = PBXFileReference; explicitFileType = wrapper.framework; includeInIndex = 0; path = Pods_visionMockup.framework; sourceTree = BUILT_PRODUCTS_DIR; };
		FB74A833222DD1840006A067 /* UIUtilities.swift */ = {isa = PBXFileReference; lastKnownFileType = sourcecode.swift; path = UIUtilities.swift; sourceTree = "<group>"; };
		FB74A835222DD1F90006A067 /* MLKitExtensions.swift */ = {isa = PBXFileReference; lastKnownFileType = sourcecode.swift; path = MLKitExtensions.swift; sourceTree = "<group>"; };
		FB74A839222EA4480006A067 /* LiveFeedViewController.swift */ = {isa = PBXFileReference; lastKnownFileType = sourcecode.swift; path = LiveFeedViewController.swift; sourceTree = "<group>"; };
		FB74A83F222EE4670006A067 /* SppechUtility.swift */ = {isa = PBXFileReference; lastKnownFileType = sourcecode.swift; path = SppechUtility.swift; sourceTree = "<group>"; };
		FB74A841222EE47B0006A067 /* TextViewController.swift */ = {isa = PBXFileReference; lastKnownFileType = sourcecode.swift; path = TextViewController.swift; sourceTree = "<group>"; };
		FB74A845222EFC890006A067 /* MapViewController.swift */ = {isa = PBXFileReference; lastKnownFileType = sourcecode.swift; path = MapViewController.swift; sourceTree = "<group>"; };
		FB7D1480222C7CD1000E3672 /* visionMockup.app */ = {isa = PBXFileReference; explicitFileType = wrapper.application; includeInIndex = 0; path = visionMockup.app; sourceTree = BUILT_PRODUCTS_DIR; };
		FB7D1483222C7CD1000E3672 /* AppDelegate.swift */ = {isa = PBXFileReference; lastKnownFileType = sourcecode.swift; path = AppDelegate.swift; sourceTree = "<group>"; };
		FB7D1485222C7CD1000E3672 /* ViewController.swift */ = {isa = PBXFileReference; lastKnownFileType = sourcecode.swift; path = ViewController.swift; sourceTree = "<group>"; };
		FB7D1488222C7CD1000E3672 /* Base */ = {isa = PBXFileReference; lastKnownFileType = file.storyboard; name = Base; path = Base.lproj/Main.storyboard; sourceTree = "<group>"; };
		FB7D148A222C7CD2000E3672 /* Assets.xcassets */ = {isa = PBXFileReference; lastKnownFileType = folder.assetcatalog; path = Assets.xcassets; sourceTree = "<group>"; };
		FB7D148D222C7CD2000E3672 /* Base */ = {isa = PBXFileReference; lastKnownFileType = file.storyboard; name = Base; path = Base.lproj/LaunchScreen.storyboard; sourceTree = "<group>"; };
		FB7D148F222C7CD2000E3672 /* Info.plist */ = {isa = PBXFileReference; lastKnownFileType = text.plist.xml; path = Info.plist; sourceTree = "<group>"; };
		FB7D1495222C7D1C000E3672 /* GoogleService-Info.plist */ = {isa = PBXFileReference; fileEncoding = 4; lastKnownFileType = text.plist.xml; path = "GoogleService-Info.plist"; sourceTree = SOURCE_ROOT; };
/* End PBXFileReference section */

/* Begin PBXFrameworksBuildPhase section */
		FB7D147D222C7CD1000E3672 /* Frameworks */ = {
			isa = PBXFrameworksBuildPhase;
			buildActionMask = 2147483647;
			files = (
				D7A2D1A008752A531483F4C0 /* Pods_visionMockup.framework in Frameworks */,
			);
			runOnlyForDeploymentPostprocessing = 0;
		};
/* End PBXFrameworksBuildPhase section */

/* Begin PBXGroup section */
		0A0A85E180A8622EF5B7DF8E /* Pods */ = {
			isa = PBXGroup;
			children = (
				DA388A64EC459D813BD57A32 /* Pods-visionMockup.debug.xcconfig */,
				0C95FC1547ED22F11EEE0401 /* Pods-visionMockup.release.xcconfig */,
			);
			name = Pods;
			sourceTree = "<group>";
		};
		3BA752D10C6DBEC3CFB9290A /* Frameworks */ = {
			isa = PBXGroup;
			children = (
				DA81041F779CDC201E3CC853 /* Pods_visionMockup.framework */,
			);
			name = Frameworks;
			sourceTree = "<group>";
		};
		FB7D1477222C7CD1000E3672 = {
			isa = PBXGroup;
			children = (
				FB7D1482222C7CD1000E3672 /* visionMockup */,
				FB7D1481222C7CD1000E3672 /* Products */,
				0A0A85E180A8622EF5B7DF8E /* Pods */,
				3BA752D10C6DBEC3CFB9290A /* Frameworks */,
			);
			sourceTree = "<group>";
		};
		FB7D1481222C7CD1000E3672 /* Products */ = {
			isa = PBXGroup;
			children = (
				FB7D1480222C7CD1000E3672 /* visionMockup.app */,
			);
			name = Products;
			sourceTree = "<group>";
		};
		FB7D1482222C7CD1000E3672 /* visionMockup */ = {
			isa = PBXGroup;
			children = (
				FB7D1483222C7CD1000E3672 /* AppDelegate.swift */,
				FB7D1485222C7CD1000E3672 /* ViewController.swift */,
				FB74A835222DD1F90006A067 /* MLKitExtensions.swift */,
				FB74A833222DD1840006A067 /* UIUtilities.swift */,
				FB74A839222EA4480006A067 /* LiveFeedViewController.swift */,
				FB74A841222EE47B0006A067 /* TextViewController.swift */,
				FB74A83F222EE4670006A067 /* SppechUtility.swift */,
				FB74A845222EFC890006A067 /* MapViewController.swift */,
				FB7D1495222C7D1C000E3672 /* GoogleService-Info.plist */,
				FB7D148A222C7CD2000E3672 /* Assets.xcassets */,
				FB7D1487222C7CD1000E3672 /* Main.storyboard */,
				FB7D148C222C7CD2000E3672 /* LaunchScreen.storyboard */,
				FB7D148F222C7CD2000E3672 /* Info.plist */,
			);
			path = visionMockup;
			sourceTree = "<group>";
		};
/* End PBXGroup section */

/* Begin PBXNativeTarget section */
		FB7D147F222C7CD1000E3672 /* visionMockup */ = {
			isa = PBXNativeTarget;
			buildConfigurationList = FB7D1492222C7CD2000E3672 /* Build configuration list for PBXNativeTarget "visionMockup" */;
			buildPhases = (
				8D777E6821B8EA35A3271BB4 /* [CP] Check Pods Manifest.lock */,
				FB7D147C222C7CD1000E3672 /* Sources */,
				FB7D147D222C7CD1000E3672 /* Frameworks */,
				FB7D147E222C7CD1000E3672 /* Resources */,
				EF356BC3ABF123BD0B6E8091 /* [CP] Embed Pods Frameworks */,
			);
			buildRules = (
			);
			dependencies = (
			);
			name = visionMockup;
			productName = visionMockup;
			productReference = FB7D1480222C7CD1000E3672 /* visionMockup.app */;
			productType = "com.apple.product-type.application";
		};
/* End PBXNativeTarget section */

/* Begin PBXProject section */
		FB7D1478222C7CD1000E3672 /* Project object */ = {
			isa = PBXProject;
			attributes = {
				LastSwiftUpdateCheck = 1010;
				LastUpgradeCheck = 1010;
				ORGANIZATIONNAME = "New York University";
				TargetAttributes = {
					FB7D147F222C7CD1000E3672 = {
						CreatedOnToolsVersion = 10.1;
					};
				};
			};
			buildConfigurationList = FB7D147B222C7CD1000E3672 /* Build configuration list for PBXProject "visionMockup" */;
			compatibilityVersion = "Xcode 9.3";
			developmentRegion = en;
			hasScannedForEncodings = 0;
			knownRegions = (
				en,
				Base,
			);
			mainGroup = FB7D1477222C7CD1000E3672;
			productRefGroup = FB7D1481222C7CD1000E3672 /* Products */;
			projectDirPath = "";
			projectRoot = "";
			targets = (
				FB7D147F222C7CD1000E3672 /* visionMockup */,
			);
		};
/* End PBXProject section */

/* Begin PBXResourcesBuildPhase section */
		FB7D147E222C7CD1000E3672 /* Resources */ = {
			isa = PBXResourcesBuildPhase;
			buildActionMask = 2147483647;
			files = (
				FB7D148E222C7CD2000E3672 /* LaunchScreen.storyboard in Resources */,
				FB7D1496222C7D1C000E3672 /* GoogleService-Info.plist in Resources */,
				FB7D148B222C7CD2000E3672 /* Assets.xcassets in Resources */,
				FB7D1489222C7CD1000E3672 /* Main.storyboard in Resources */,
			);
			runOnlyForDeploymentPostprocessing = 0;
		};
/* End PBXResourcesBuildPhase section */

/* Begin PBXShellScriptBuildPhase section */
		8D777E6821B8EA35A3271BB4 /* [CP] Check Pods Manifest.lock */ = {
			isa = PBXShellScriptBuildPhase;
			buildActionMask = 2147483647;
			files = (
			);
			inputFileListPaths = (
			);
			inputPaths = (
				"${PODS_PODFILE_DIR_PATH}/Podfile.lock",
				"${PODS_ROOT}/Manifest.lock",
			);
			name = "[CP] Check Pods Manifest.lock";
			outputFileListPaths = (
			);
			outputPaths = (
				"$(DERIVED_FILE_DIR)/Pods-visionMockup-checkManifestLockResult.txt",
			);
			runOnlyForDeploymentPostprocessing = 0;
			shellPath = /bin/sh;
			shellScript = "diff \"${PODS_PODFILE_DIR_PATH}/Podfile.lock\" \"${PODS_ROOT}/Manifest.lock\" > /dev/null\nif [ $? != 0 ] ; then\n    # print error to STDERR\n    echo \"error: The sandbox is not in sync with the Podfile.lock. Run 'pod install' or update your CocoaPods installation.\" >&2\n    exit 1\nfi\n# This output is used by Xcode 'outputs' to avoid re-running this script phase.\necho \"SUCCESS\" > \"${SCRIPT_OUTPUT_FILE_0}\"\n";
			showEnvVarsInLog = 0;
		};
		EF356BC3ABF123BD0B6E8091 /* [CP] Embed Pods Frameworks */ = {
			isa = PBXShellScriptBuildPhase;
			buildActionMask = 2147483647;
			files = (
			);
			inputFileListPaths = (
			);
			inputPaths = (
				"${SRCROOT}/Pods/Target Support Files/Pods-visionMockup/Pods-visionMockup-frameworks.sh",
				"${BUILT_PRODUCTS_DIR}/GTMSessionFetcher/GTMSessionFetcher.framework",
				"${BUILT_PRODUCTS_DIR}/GoogleAPIClientForREST/GoogleAPIClientForREST.framework",
				"${BUILT_PRODUCTS_DIR}/GoogleToolboxForMac/GoogleToolboxForMac.framework",
				"${BUILT_PRODUCTS_DIR}/GoogleUtilities/GoogleUtilities.framework",
				"${BUILT_PRODUCTS_DIR}/Protobuf/Protobuf.framework",
				"${BUILT_PRODUCTS_DIR}/nanopb/nanopb.framework",
			);
			name = "[CP] Embed Pods Frameworks";
			outputFileListPaths = (
			);
			outputPaths = (
				"${TARGET_BUILD_DIR}/${FRAMEWORKS_FOLDER_PATH}/GTMSessionFetcher.framework",
				"${TARGET_BUILD_DIR}/${FRAMEWORKS_FOLDER_PATH}/GoogleAPIClientForREST.framework",
				"${TARGET_BUILD_DIR}/${FRAMEWORKS_FOLDER_PATH}/GoogleToolboxForMac.framework",
				"${TARGET_BUILD_DIR}/${FRAMEWORKS_FOLDER_PATH}/GoogleUtilities.framework",
				"${TARGET_BUILD_DIR}/${FRAMEWORKS_FOLDER_PATH}/Protobuf.framework",
				"${TARGET_BUILD_DIR}/${FRAMEWORKS_FOLDER_PATH}/nanopb.framework",
			);
			runOnlyForDeploymentPostprocessing = 0;
			shellPath = /bin/sh;
			shellScript = "\"${SRCROOT}/Pods/Target Support Files/Pods-visionMockup/Pods-visionMockup-frameworks.sh\"\n";
			showEnvVarsInLog = 0;
		};
/* End PBXShellScriptBuildPhase section */

/* Begin PBXSourcesBuildPhase section */
		FB7D147C222C7CD1000E3672 /* Sources */ = {
			isa = PBXSourcesBuildPhase;
			buildActionMask = 2147483647;
			files = (
				FB74A840222EE4670006A067 /* SppechUtility.swift in Sources */,
				FB7D1486222C7CD1000E3672 /* ViewController.swift in Sources */,
				FB74A83A222EA4480006A067 /* LiveFeedViewController.swift in Sources */,
				FB74A846222EFC890006A067 /* MapViewController.swift in Sources */,
				FB74A836222DD1F90006A067 /* MLKitExtensions.swift in Sources */,
				FB74A834222DD1840006A067 /* UIUtilities.swift in Sources */,
				FB7D1484222C7CD1000E3672 /* AppDelegate.swift in Sources */,
				FB74A842222EE47B0006A067 /* TextViewController.swift in Sources */,
			);
			runOnlyForDeploymentPostprocessing = 0;
		};
/* End PBXSourcesBuildPhase section */

/* Begin PBXVariantGroup section */
		FB7D1487222C7CD1000E3672 /* Main.storyboard */ = {
			isa = PBXVariantGroup;
			children = (
				FB7D1488222C7CD1000E3672 /* Base */,
			);
			name = Main.storyboard;
			sourceTree = "<group>";
		};
		FB7D148C222C7CD2000E3672 /* LaunchScreen.storyboard */ = {
			isa = PBXVariantGroup;
			children = (
				FB7D148D222C7CD2000E3672 /* Base */,
			);
			name = LaunchScreen.storyboard;
			sourceTree = "<group>";
		};
/* End PBXVariantGroup section */

/* Begin XCBuildConfiguration section */
		FB7D1490222C7CD2000E3672 /* Debug */ = {
			isa = XCBuildConfiguration;
			buildSettings = {
				ALWAYS_SEARCH_USER_PATHS = NO;
				CLANG_ANALYZER_NONNULL = YES;
				CLANG_ANALYZER_NUMBER_OBJECT_CONVERSION = YES_AGGRESSIVE;
				CLANG_CXX_LANGUAGE_STANDARD = "gnu++14";
				CLANG_CXX_LIBRARY = "libc++";
				CLANG_ENABLE_MODULES = YES;
				CLANG_ENABLE_OBJC_ARC = YES;
				CLANG_ENABLE_OBJC_WEAK = YES;
				CLANG_WARN_BLOCK_CAPTURE_AUTORELEASING = YES;
				CLANG_WARN_BOOL_CONVERSION = YES;
				CLANG_WARN_COMMA = YES;
				CLANG_WARN_CONSTANT_CONVERSION = YES;
				CLANG_WARN_DEPRECATED_OBJC_IMPLEMENTATIONS = YES;
				CLANG_WARN_DIRECT_OBJC_ISA_USAGE = YES_ERROR;
				CLANG_WARN_DOCUMENTATION_COMMENTS = YES;
				CLANG_WARN_EMPTY_BODY = YES;
				CLANG_WARN_ENUM_CONVERSION = YES;
				CLANG_WARN_INFINITE_RECURSION = YES;
				CLANG_WARN_INT_CONVERSION = YES;
				CLANG_WARN_NON_LITERAL_NULL_CONVERSION = YES;
				CLANG_WARN_OBJC_IMPLICIT_RETAIN_SELF = YES;
				CLANG_WARN_OBJC_LITERAL_CONVERSION = YES;
				CLANG_WARN_OBJC_ROOT_CLASS = YES_ERROR;
				CLANG_WARN_RANGE_LOOP_ANALYSIS = YES;
				CLANG_WARN_STRICT_PROTOTYPES = YES;
				CLANG_WARN_SUSPICIOUS_MOVE = YES;
				CLANG_WARN_UNGUARDED_AVAILABILITY = YES_AGGRESSIVE;
				CLANG_WARN_UNREACHABLE_CODE = YES;
				CLANG_WARN__DUPLICATE_METHOD_MATCH = YES;
				CODE_SIGN_IDENTITY = "iPhone Developer";
				COPY_PHASE_STRIP = NO;
				DEBUG_INFORMATION_FORMAT = dwarf;
				ENABLE_STRICT_OBJC_MSGSEND = YES;
				ENABLE_TESTABILITY = YES;
				GCC_C_LANGUAGE_STANDARD = gnu11;
				GCC_DYNAMIC_NO_PIC = NO;
				GCC_NO_COMMON_BLOCKS = YES;
				GCC_OPTIMIZATION_LEVEL = 0;
				GCC_PREPROCESSOR_DEFINITIONS = (
					"DEBUG=1",
					"$(inherited)",
				);
				GCC_WARN_64_TO_32_BIT_CONVERSION = YES;
				GCC_WARN_ABOUT_RETURN_TYPE = YES_ERROR;
				GCC_WARN_UNDECLARED_SELECTOR = YES;
				GCC_WARN_UNINITIALIZED_AUTOS = YES_AGGRESSIVE;
				GCC_WARN_UNUSED_FUNCTION = YES;
				GCC_WARN_UNUSED_VARIABLE = YES;
				IPHONEOS_DEPLOYMENT_TARGET = 12.1;
				MTL_ENABLE_DEBUG_INFO = INCLUDE_SOURCE;
				MTL_FAST_MATH = YES;
				ONLY_ACTIVE_ARCH = YES;
				SDKROOT = iphoneos;
				SWIFT_ACTIVE_COMPILATION_CONDITIONS = DEBUG;
				SWIFT_OPTIMIZATION_LEVEL = "-Onone";
			};
			name = Debug;
		};
		FB7D1491222C7CD2000E3672 /* Release */ = {
			isa = XCBuildConfiguration;
			buildSettings = {
				ALWAYS_SEARCH_USER_PATHS = NO;
				CLANG_ANALYZER_NONNULL = YES;
				CLANG_ANALYZER_NUMBER_OBJECT_CONVERSION = YES_AGGRESSIVE;
				CLANG_CXX_LANGUAGE_STANDARD = "gnu++14";
				CLANG_CXX_LIBRARY = "libc++";
				CLANG_ENABLE_MODULES = YES;
				CLANG_ENABLE_OBJC_ARC = YES;
				CLANG_ENABLE_OBJC_WEAK = YES;
				CLANG_WARN_BLOCK_CAPTURE_AUTORELEASING = YES;
				CLANG_WARN_BOOL_CONVERSION = YES;
				CLANG_WARN_COMMA = YES;
				CLANG_WARN_CONSTANT_CONVERSION = YES;
				CLANG_WARN_DEPRECATED_OBJC_IMPLEMENTATIONS = YES;
				CLANG_WARN_DIRECT_OBJC_ISA_USAGE = YES_ERROR;
				CLANG_WARN_DOCUMENTATION_COMMENTS = YES;
				CLANG_WARN_EMPTY_BODY = YES;
				CLANG_WARN_ENUM_CONVERSION = YES;
				CLANG_WARN_INFINITE_RECURSION = YES;
				CLANG_WARN_INT_CONVERSION = YES;
				CLANG_WARN_NON_LITERAL_NULL_CONVERSION = YES;
				CLANG_WARN_OBJC_IMPLICIT_RETAIN_SELF = YES;
				CLANG_WARN_OBJC_LITERAL_CONVERSION = YES;
				CLANG_WARN_OBJC_ROOT_CLASS = YES_ERROR;
				CLANG_WARN_RANGE_LOOP_ANALYSIS = YES;
				CLANG_WARN_STRICT_PROTOTYPES = YES;
				CLANG_WARN_SUSPICIOUS_MOVE = YES;
				CLANG_WARN_UNGUARDED_AVAILABILITY = YES_AGGRESSIVE;
				CLANG_WARN_UNREACHABLE_CODE = YES;
				CLANG_WARN__DUPLICATE_METHOD_MATCH = YES;
				CODE_SIGN_IDENTITY = "iPhone Developer";
				COPY_PHASE_STRIP = NO;
				DEBUG_INFORMATION_FORMAT = "dwarf-with-dsym";
				ENABLE_NS_ASSERTIONS = NO;
				ENABLE_STRICT_OBJC_MSGSEND = YES;
				GCC_C_LANGUAGE_STANDARD = gnu11;
				GCC_NO_COMMON_BLOCKS = YES;
				GCC_WARN_64_TO_32_BIT_CONVERSION = YES;
				GCC_WARN_ABOUT_RETURN_TYPE = YES_ERROR;
				GCC_WARN_UNDECLARED_SELECTOR = YES;
				GCC_WARN_UNINITIALIZED_AUTOS = YES_AGGRESSIVE;
				GCC_WARN_UNUSED_FUNCTION = YES;
				GCC_WARN_UNUSED_VARIABLE = YES;
				IPHONEOS_DEPLOYMENT_TARGET = 12.1;
				MTL_ENABLE_DEBUG_INFO = NO;
				MTL_FAST_MATH = YES;
				SDKROOT = iphoneos;
				SWIFT_COMPILATION_MODE = wholemodule;
				SWIFT_OPTIMIZATION_LEVEL = "-O";
				VALIDATE_PRODUCT = YES;
			};
			name = Release;
		};
		FB7D1493222C7CD2000E3672 /* Debug */ = {
			isa = XCBuildConfiguration;
			baseConfigurationReference = DA388A64EC459D813BD57A32 /* Pods-visionMockup.debug.xcconfig */;
			buildSettings = {
				ASSETCATALOG_COMPILER_APPICON_NAME = AppIcon;
				CODE_SIGN_STYLE = Automatic;
				DEVELOPMENT_TEAM = VAM3A58Y83;
				INFOPLIST_FILE = visionMockup/Info.plist;
				IPHONEOS_DEPLOYMENT_TARGET = 11.4;
				LD_RUNPATH_SEARCH_PATHS = (
					"$(inherited)",
					"@executable_path/Frameworks",
				);
				PRODUCT_BUNDLE_IDENTIFIER = edu.nyu.cs.kc3585.visionMockup;
				PRODUCT_NAME = "$(TARGET_NAME)";
				SWIFT_VERSION = 4.2;
				TARGETED_DEVICE_FAMILY = "1,2";
			};
			name = Debug;
		};
		FB7D1494222C7CD2000E3672 /* Release */ = {
			isa = XCBuildConfiguration;
			baseConfigurationReference = 0C95FC1547ED22F11EEE0401 /* Pods-visionMockup.release.xcconfig */;
			buildSettings = {
				ASSETCATALOG_COMPILER_APPICON_NAME = AppIcon;
				CODE_SIGN_STYLE = Automatic;
				DEVELOPMENT_TEAM = VAM3A58Y83;
				INFOPLIST_FILE = visionMockup/Info.plist;
				IPHONEOS_DEPLOYMENT_TARGET = 11.4;
				LD_RUNPATH_SEARCH_PATHS = (
					"$(inherited)",
					"@executable_path/Frameworks",
				);
				PRODUCT_BUNDLE_IDENTIFIER = edu.nyu.cs.kc3585.visionMockup;
				PRODUCT_NAME = "$(TARGET_NAME)";
				SWIFT_VERSION = 4.2;
				TARGETED_DEVICE_FAMILY = "1,2";
			};
			name = Release;
		};
/* End XCBuildConfiguration section */

/* Begin XCConfigurationList section */
		FB7D147B222C7CD1000E3672 /* Build configuration list for PBXProject "visionMockup" */ = {
			isa = XCConfigurationList;
			buildConfigurations = (
				FB7D1490222C7CD2000E3672 /* Debug */,
				FB7D1491222C7CD2000E3672 /* Release */,
			);
			defaultConfigurationIsVisible = 0;
			defaultConfigurationName = Release;
		};
		FB7D1492222C7CD2000E3672 /* Build configuration list for PBXNativeTarget "visionMockup" */ = {
			isa = XCConfigurationList;
			buildConfigurations = (
				FB7D1493222C7CD2000E3672 /* Debug */,
				FB7D1494222C7CD2000E3672 /* Release */,
			);
			defaultConfigurationIsVisible = 0;
			defaultConfigurationName = Release;
		};
/* End XCConfigurationList section */
	};
	rootObject = FB7D1478222C7CD1000E3672 /* Project object */;
}
